
Microsoft Visual Studio Solution File, Format Version 12.00
# Visual Studio Version 17
VisualStudioVersion = 17.11.35222.181
MinimumVisualStudioVersion = 10.0.40219.1
Project("{FAE04EC0-301F-11D3-BF4B-00C04F79EFBC}") = "arreglos 2", "arreglos 2\arreglos 2.csproj", "{23377205-9F9B-4947-991C-758842B274C7}"
EndProject
Global
	GlobalSection(SolutionConfigurationPlatforms) = preSolution
		Debug|Any CPU = Debug|Any CPU
		Release|Any CPU = Release|Any CPU
	EndGlobalSection
	GlobalSection(ProjectConfigurationPlatforms) = postSolution
		{23377205-9F9B-4947-991C-758842B274C7}.Debug|Any CPU.ActiveCfg = Debug|Any CPU
		{23377205-9F9B-4947-991C-758842B274C7}.Debug|Any CPU.Build.0 = Debug|Any CPU
		{23377205-9F9B-4947-991C-758842B274C7}.Release|Any CPU.ActiveCfg = Release|Any CPU
		{23377205-9F9B-4947-991C-758842B274C7}.Release|Any CPU.Build.0 = Release|Any CPU
	EndGlobalSection
	GlobalSection(SolutionProperties) = preSolution
		HideSolutionNode = FALSE
	EndGlobalSection
	GlobalSection(ExtensibilityGlobals) = postSolution
		SolutionGuid = {F9E5C1D7-19CA-44B5-993E-8963AD8A1C70}
	EndGlobalSection
EndGlobal
